
Microsoft Visual Studio Solution File, Format Version 12.00
# Visual Studio Version 16
VisualStudioVersion = 16.0.29020.237
MinimumVisualStudioVersion = 10.0.40219.1
Project("{FAE04EC0-301F-11D3-BF4B-00C04F79EFBC}") = "iocco_api", "iocco_api\iocco_api.csproj", "{4260F21B-12C4-493F-9688-6843ACD69CE2}"
EndProject
Project("{FAE04EC0-301F-11D3-BF4B-00C04F79EFBC}") = "iocco_api.Tests", "iocco_api.Tests\iocco_api.Tests.csproj", "{B9E147AF-5FCC-4DAF-A7C6-880D482DA23F}"
EndProject
Global
	GlobalSection(SolutionConfigurationPlatforms) = preSolution
		Debug|Any CPU = Debug|Any CPU
		Release|Any CPU = Release|Any CPU
	EndGlobalSection
	GlobalSection(ProjectConfigurationPlatforms) = postSolution
		{4260F21B-12C4-493F-9688-6843ACD69CE2}.Debug|Any CPU.ActiveCfg = Debug|Any CPU
		{4260F21B-12C4-493F-9688-6843ACD69CE2}.Debug|Any CPU.Build.0 = Debug|Any CPU
		{4260F21B-12C4-493F-9688-6843ACD69CE2}.Release|Any CPU.ActiveCfg = Release|Any CPU
		{4260F21B-12C4-493F-9688-6843ACD69CE2}.Release|Any CPU.Build.0 = Release|Any CPU
		{B9E147AF-5FCC-4DAF-A7C6-880D482DA23F}.Debug|Any CPU.ActiveCfg = Debug|Any CPU
		{B9E147AF-5FCC-4DAF-A7C6-880D482DA23F}.Debug|Any CPU.Build.0 = Debug|Any CPU
		{B9E147AF-5FCC-4DAF-A7C6-880D482DA23F}.Release|Any CPU.ActiveCfg = Release|Any CPU
		{B9E147AF-5FCC-4DAF-A7C6-880D482DA23F}.Release|Any CPU.Build.0 = Release|Any CPU
	EndGlobalSection
	GlobalSection(SolutionProperties) = preSolution
		HideSolutionNode = FALSE
	EndGlobalSection
	GlobalSection(ExtensibilityGlobals) = postSolution
		SolutionGuid = {99212135-9FDD-4335-B543-394F14B5F657}
	EndGlobalSection
EndGlobal
